
Microsoft Visual Studio Solution File, Format Version 12.00
# Visual Studio Version 17
VisualStudioVersion = 17.0.32014.148
MinimumVisualStudioVersion = 10.0.40219.1
Project("{9A19103F-16F7-4668-BE54-9A1E7A4F7556}") = "TerRoguelike", "TerRoguelike.csproj", "{61DC4771-07FD-4FE1-84E7-98E585D1A07C}"
EndProject
Global
	GlobalSection(SolutionConfigurationPlatforms) = preSolution
		Debug|Any CPU = Debug|Any CPU
		Release|Any CPU = Release|Any CPU
	EndGlobalSection
	GlobalSection(ProjectConfigurationPlatforms) = postSolution
		{61DC4771-07FD-4FE1-84E7-98E585D1A07C}.Debug|Any CPU.ActiveCfg = Debug|Any CPU
		{61DC4771-07FD-4FE1-84E7-98E585D1A07C}.Debug|Any CPU.Build.0 = Debug|Any CPU
		{61DC4771-07FD-4FE1-84E7-98E585D1A07C}.Release|Any CPU.ActiveCfg = Release|Any CPU
		{61DC4771-07FD-4FE1-84E7-98E585D1A07C}.Release|Any CPU.Build.0 = Release|Any CPU
	EndGlobalSection
	GlobalSection(SolutionProperties) = preSolution
		HideSolutionNode = FALSE
	EndGlobalSection
	GlobalSection(ExtensibilityGlobals) = postSolution
		SolutionGuid = {D7845776-742D-4FCB-A663-D84D340FDD74}
	EndGlobalSection
EndGlobal
